
Microsoft Visual Studio Solution File, Format Version 12.00
# Visual Studio Version 16
VisualStudioVersion = 16.0.31729.503
MinimumVisualStudioVersion = 10.0.40219.1
Project("{9A19103F-16F7-4668-BE54-9A1E7A4F7556}") = "1Giris", "1Giris\1Giris.csproj", "{E35E8126-3C50-4DDB-8973-DD8001395DAC}"
EndProject
Project("{9A19103F-16F7-4668-BE54-9A1E7A4F7556}") = "2HtmlHelper", "2HtmlHelper\2HtmlHelper.csproj", "{C05C9336-4D3B-4C56-B921-52309BF39185}"
EndProject
Project("{9A19103F-16F7-4668-BE54-9A1E7A4F7556}") = "3_Models", "3_Models\3_Models.csproj", "{9FD5382A-3A5D-4688-9309-82D4D65E33D5}"
EndProject
Project("{9A19103F-16F7-4668-BE54-9A1E7A4F7556}") = "4_Models", "4_Models\4_Models.csproj", "{2C8D7BE3-EFC0-4D9F-9F00-FFC99552FFA5}"
EndProject
Project("{FAE04EC0-301F-11D3-BF4B-00C04F79EFBC}") = "5_DataBindToController", "5_DataBindToController\5_DataBindToController.csproj", "{7F640BD3-9A01-428A-9D0E-8D22F62AEF39}"
EndProject
Global
	GlobalSection(SolutionConfigurationPlatforms) = preSolution
		Debug|Any CPU = Debug|Any CPU
		Release|Any CPU = Release|Any CPU
	EndGlobalSection
	GlobalSection(ProjectConfigurationPlatforms) = postSolution
		{E35E8126-3C50-4DDB-8973-DD8001395DAC}.Debug|Any CPU.ActiveCfg = Debug|Any CPU
		{E35E8126-3C50-4DDB-8973-DD8001395DAC}.Debug|Any CPU.Build.0 = Debug|Any CPU
		{E35E8126-3C50-4DDB-8973-DD8001395DAC}.Release|Any CPU.ActiveCfg = Release|Any CPU
		{E35E8126-3C50-4DDB-8973-DD8001395DAC}.Release|Any CPU.Build.0 = Release|Any CPU
		{C05C9336-4D3B-4C56-B921-52309BF39185}.Debug|Any CPU.ActiveCfg = Debug|Any CPU
		{C05C9336-4D3B-4C56-B921-52309BF39185}.Debug|Any CPU.Build.0 = Debug|Any CPU
		{C05C9336-4D3B-4C56-B921-52309BF39185}.Release|Any CPU.ActiveCfg = Release|Any CPU
		{C05C9336-4D3B-4C56-B921-52309BF39185}.Release|Any CPU.Build.0 = Release|Any CPU
		{9FD5382A-3A5D-4688-9309-82D4D65E33D5}.Debug|Any CPU.ActiveCfg = Debug|Any CPU
		{9FD5382A-3A5D-4688-9309-82D4D65E33D5}.Debug|Any CPU.Build.0 = Debug|Any CPU
		{9FD5382A-3A5D-4688-9309-82D4D65E33D5}.Release|Any CPU.ActiveCfg = Release|Any CPU
		{9FD5382A-3A5D-4688-9309-82D4D65E33D5}.Release|Any CPU.Build.0 = Release|Any CPU
		{2C8D7BE3-EFC0-4D9F-9F00-FFC99552FFA5}.Debug|Any CPU.ActiveCfg = Debug|Any CPU
		{2C8D7BE3-EFC0-4D9F-9F00-FFC99552FFA5}.Debug|Any CPU.Build.0 = Debug|Any CPU
		{2C8D7BE3-EFC0-4D9F-9F00-FFC99552FFA5}.Release|Any CPU.ActiveCfg = Release|Any CPU
		{2C8D7BE3-EFC0-4D9F-9F00-FFC99552FFA5}.Release|Any CPU.Build.0 = Release|Any CPU
		{7F640BD3-9A01-428A-9D0E-8D22F62AEF39}.Debug|Any CPU.ActiveCfg = Debug|Any CPU
		{7F640BD3-9A01-428A-9D0E-8D22F62AEF39}.Debug|Any CPU.Build.0 = Debug|Any CPU
		{7F640BD3-9A01-428A-9D0E-8D22F62AEF39}.Release|Any CPU.ActiveCfg = Release|Any CPU
		{7F640BD3-9A01-428A-9D0E-8D22F62AEF39}.Release|Any CPU.Build.0 = Release|Any CPU
	EndGlobalSection
	GlobalSection(SolutionProperties) = preSolution
		HideSolutionNode = FALSE
	EndGlobalSection
	GlobalSection(ExtensibilityGlobals) = postSolution
		SolutionGuid = {0BD85B2F-BF5D-4D7E-9B68-6B5A21071F59}
	EndGlobalSection
EndGlobal
